
Microsoft Visual Studio Solution File, Format Version 12.00
# Visual Studio Version 16
VisualStudioVersion = 16.0.31424.327
MinimumVisualStudioVersion = 10.0.40219.1
Project("{FAE04EC0-301F-11D3-BF4B-00C04F79EFBC}") = "ReplicatedLogMaster", "ReplicatedLogMaster.csproj", "{FCB11D03-3534-42A4-A913-8D1E8290615C}"
EndProject
Global
	GlobalSection(SolutionConfigurationPlatforms) = preSolution
		Debug|Any CPU = Debug|Any CPU
		Release|Any CPU = Release|Any CPU
	EndGlobalSection
	GlobalSection(ProjectConfigurationPlatforms) = postSolution
		{FCB11D03-3534-42A4-A913-8D1E8290615C}.Debug|Any CPU.ActiveCfg = Debug|Any CPU
		{FCB11D03-3534-42A4-A913-8D1E8290615C}.Debug|Any CPU.Build.0 = Debug|Any CPU
		{FCB11D03-3534-42A4-A913-8D1E8290615C}.Release|Any CPU.ActiveCfg = Release|Any CPU
		{FCB11D03-3534-42A4-A913-8D1E8290615C}.Release|Any CPU.Build.0 = Release|Any CPU
	EndGlobalSection
	GlobalSection(SolutionProperties) = preSolution
		HideSolutionNode = FALSE
	EndGlobalSection
	GlobalSection(ExtensibilityGlobals) = postSolution
		SolutionGuid = {C259115A-BD42-4637-B51D-785825AB4B70}
	EndGlobalSection
EndGlobal
